
Microsoft Visual Studio Solution File, Format Version 11.00
# Visual Basic Express 2010
Project("{F184B08F-C81C-45F6-A57F-5ABD9991F28F}") = "Loteria", "Loteria\Loteria.vbproj", "{4D740B23-C977-445C-88BA-3E8E85C373B6}"
EndProject
Global
	GlobalSection(SolutionConfigurationPlatforms) = preSolution
		Debug|x86 = Debug|x86
		Release|x86 = Release|x86
	EndGlobalSection
	GlobalSection(ProjectConfigurationPlatforms) = postSolution
		{4D740B23-C977-445C-88BA-3E8E85C373B6}.Debug|x86.ActiveCfg = Debug|x86
		{4D740B23-C977-445C-88BA-3E8E85C373B6}.Debug|x86.Build.0 = Debug|x86
		{4D740B23-C977-445C-88BA-3E8E85C373B6}.Release|x86.ActiveCfg = Release|x86
		{4D740B23-C977-445C-88BA-3E8E85C373B6}.Release|x86.Build.0 = Release|x86
	EndGlobalSection
	GlobalSection(SolutionProperties) = preSolution
		HideSolutionNode = FALSE
	EndGlobalSection
EndGlobal
